{"format_version":"1.2","terraform_version":"1.6.0","variables":{"vpc_cidr":{"value":"10.0.1.0/24"}},"planned_values":{"root_module":{"resources":[{"address":"aws_internet_gateway.my_gw","mode":"managed","type":"aws_internet_gateway","name":"my_gw","provider_name":"registry.terraform.io/hashicorp/aws","schema_version":0,"values":{"tags":{"Name":"my_gw"},"tags_all":{"Name":"my_gw"}},"sensitive_values":{"tags":{},"tags_all":{}}},{"address":"aws_route_table.my_rt","mode":"managed","type":"aws_route_table","name":"my_rt","provider_name":"registry.terraform.io/hashicorp/aws","schema_version":0,"values":{"route":[],"tags":{"Name":"my_rt"},"tags_all":{"Name":"my_rt"},"timeouts":null},"sensitive_values":{"propagating_vgws":[],"route":[],"tags":{},"tags_all":{}}},{"address":"aws_security_group.allow_ssh_http","mode":"managed","type":"aws_security_group","name":"allow_ssh_http","provider_name":"registry.terraform.io/hashicorp/aws","schema_version":1,"values":{"description":"Allow SSH and http inbound traffic","egress":[{"cidr_blocks":["0.0.0.0/0"],"description":"","from_port":0,"ipv6_cidr_blocks":[],"prefix_list_ids":[],"protocol":"-1","security_groups":[],"self":false,"to_port":0}],"ingress":[{"cidr_blocks":["10.0.0.0/16"],"description":"HTTP from VPC","from_port":80,"ipv6_cidr_blocks":[],"prefix_list_ids":[],"protocol":"tcp","security_groups":[],"self":false,"to_port":80},{"cidr_blocks":["10.0.0.0/16"],"description":"SSH from VPC","from_port":22,"ipv6_cidr_blocks":[],"prefix_list_ids":[],"protocol":"tcp","security_groups":[],"self":false,"to_port":22}],"name":"allow_ssh_http","revoke_rules_on_delete":false,"tags":{"Name":"allow_tcp"},"tags_all":{"Name":"allow_tcp"},"timeouts":null},"sensitive_values":{"egress":[{"cidr_blocks":[false],"ipv6_cidr_blocks":[],"prefix_list_ids":[],"security_groups":[]}],"ingress":[{"cidr_blocks":[false],"ipv6_cidr_blocks":[],"prefix_list_ids":[],"security_groups":[]},{"cidr_blocks":[false],"ipv6_cidr_blocks":[],"prefix_list_ids":[],"security_groups":[]}],"tags":{},"tags_all":{}}},{"address":"aws_subnet.private_subnet_1","mode":"managed","type":"aws_subnet","name":"private_subnet_1","provider_name":"registry.terraform.io/hashicorp/aws","schema_version":1,"values":{"assign_ipv6_address_on_creation":false,"availability_zone":"us-west-2a","cidr_block":"10.0.3.0/24","customer_owned_ipv4_pool":null,"enable_dns64":false,"enable_resource_name_dns_a_record_on_launch":false,"enable_resource_name_dns_aaaa_record_on_launch":false,"ipv6_cidr_block":null,"ipv6_native":false,"map_customer_owned_ip_on_launch":null,"map_public_ip_on_launch":false,"outpost_arn":null,"tags":{"Name":"private_subnet_1"},"tags_all":{"Name":"private_subnet_1"},"timeouts":null},"sensitive_values":{"tags":{},"tags_all":{}}},{"address":"aws_subnet.private_subnet_2","mode":"managed","type":"aws_subnet","name":"private_subnet_2","provider_name":"registry.terraform.io/hashicorp/aws","schema_version":1,"values":{"assign_ipv6_address_on_creation":false,"availability_zone":"us-west-2b","cidr_block":"10.0.4.0/24","customer_owned_ipv4_pool":null,"enable_dns64":false,"enable_resource_name_dns_a_record_on_launch":false,"enable_resource_name_dns_aaaa_record_on_launch":false,"ipv6_cidr_block":null,"ipv6_native":false,"map_customer_owned_ip_on_launch":null,"map_public_ip_on_launch":false,"outpost_arn":null,"tags":{"Name":"private_subnet_2"},"tags_all":{"Name":"private_subnet_2"},"timeouts":null},"sensitive_values":{"tags":{},"tags_all":{}}},{"address":"aws_subnet.public_subnet_1","mode":"managed","type":"aws_subnet","name":"public_subnet_1","provider_name":"registry.terraform.io/hashicorp/aws","schema_version":1,"values":{"assign_ipv6_address_on_creation":false,"availability_zone":"us-west-2a","cidr_block":"10.0.1.0/24","customer_owned_ipv4_pool":null,"enable_dns64":false,"enable_resource_name_dns_a_record_on_launch":false,"enable_resource_name_dns_aaaa_record_on_launch":false,"ipv6_cidr_block":null,"ipv6_native":false,"map_customer_owned_ip_on_launch":null,"map_public_ip_on_launch":true,"outpost_arn":null,"tags":{"Name":"public_subnet_1"},"tags_all":{"Name":"public_subnet_1"},"timeouts":null},"sensitive_values":{"tags":{},"tags_all":{}}},{"address":"aws_subnet.public_subnet_2","mode":"managed","type":"aws_subnet","name":"public_subnet_2","provider_name":"registry.terraform.io/hashicorp/aws","schema_version":1,"values":{"assign_ipv6_address_on_creation":false,"availability_zone":"us-west-2b","cidr_block":"10.0.2.0/24","customer_owned_ipv4_pool":null,"enable_dns64":false,"enable_resource_name_dns_a_record_on_launch":false,"enable_resource_name_dns_aaaa_record_on_launch":false,"ipv6_cidr_block":null,"ipv6_native":false,"map_customer_owned_ip_on_launch":null,"map_public_ip_on_launch":true,"outpost_arn":null,"tags":{"Name":"public_subnet_2"},"tags_all":{"Name":"public_subnet_2"},"timeouts":null},"sensitive_values":{"tags":{},"tags_all":{}}},{"address":"aws_vpc.my_vpc","mode":"managed","type":"aws_vpc","name":"my_vpc","provider_name":"registry.terraform.io/hashicorp/aws","schema_version":1,"values":{"assign_generated_ipv6_cidr_block":null,"cidr_block":"10.0.0.0/16","enable_dns_support":true,"instance_tenancy":"default","ipv4_ipam_pool_id":null,"ipv4_netmask_length":null,"ipv6_ipam_pool_id":null,"ipv6_netmask_length":null,"tags":{"Name":"my-vpc"},"tags_all":{"Name":"my-vpc"}},"sensitive_values":{"tags":{},"tags_all":{}}},{"address":"aws_vpc.provisionerVPC","mode":"managed","type":"aws_vpc","name":"provisionerVPC","provider_name":"registry.terraform.io/hashicorp/aws","schema_version":1,"values":{"assign_generated_ipv6_cidr_block":null,"cidr_block":"10.0.1.0/24","enable_dns_hostnames":true,"enable_dns_support":true,"instance_tenancy":"default","ipv4_ipam_pool_id":null,"ipv4_netmask_length":null,"ipv6_ipam_pool_id":null,"ipv6_netmask_length":null,"tags":{"Name":"dev-terraform-vpc"},"tags_all":{"Name":"dev-terraform-vpc"}},"sensitive_values":{"tags":{},"tags_all":{}}}]}},"resource_changes":[{"address":"aws_internet_gateway.my_gw","mode":"managed","type":"aws_internet_gateway","name":"my_gw","provider_name":"registry.terraform.io/hashicorp/aws","change":{"actions":["create"],"before":null,"after":{"tags":{"Name":"my_gw"},"tags_all":{"Name":"my_gw"}},"after_unknown":{"arn":true,"id":true,"owner_id":true,"tags":{},"tags_all":{},"vpc_id":true},"before_sensitive":false,"after_sensitive":{"tags":{},"tags_all":{}}}},{"address":"aws_route_table.my_rt","mode":"managed","type":"aws_route_table","name":"my_rt","provider_name":"registry.terraform.io/hashicorp/aws","change":{"actions":["create"],"before":null,"after":{"route":[],"tags":{"Name":"my_rt"},"tags_all":{"Name":"my_rt"},"timeouts":null},"after_unknown":{"arn":true,"id":true,"owner_id":true,"propagating_vgws":true,"route":[],"tags":{},"tags_all":{},"vpc_id":true},"before_sensitive":false,"after_sensitive":{"propagating_vgws":[],"route":[],"tags":{},"tags_all":{}}}},{"address":"aws_security_group.allow_ssh_http","mode":"managed","type":"aws_security_group","name":"allow_ssh_http","provider_name":"registry.terraform.io/hashicorp/aws","change":{"actions":["create"],"before":null,"after":{"description":"Allow SSH and http inbound traffic","egress":[{"cidr_blocks":["0.0.0.0/0"],"description":"","from_port":0,"ipv6_cidr_blocks":[],"prefix_list_ids":[],"protocol":"-1","security_groups":[],"self":false,"to_port":0}],"ingress":[{"cidr_blocks":["10.0.0.0/16"],"description":"HTTP from VPC","from_port":80,"ipv6_cidr_blocks":[],"prefix_list_ids":[],"protocol":"tcp","security_groups":[],"self":false,"to_port":80},{"cidr_blocks":["10.0.0.0/16"],"description":"SSH from VPC","from_port":22,"ipv6_cidr_blocks":[],"prefix_list_ids":[],"protocol":"tcp","security_groups":[],"self":false,"to_port":22}],"name":"allow_ssh_http","revoke_rules_on_delete":false,"tags":{"Name":"allow_tcp"},"tags_all":{"Name":"allow_tcp"},"timeouts":null},"after_unknown":{"arn":true,"egress":[{"cidr_blocks":[false],"ipv6_cidr_blocks":[],"prefix_list_ids":[],"security_groups":[]}],"id":true,"ingress":[{"cidr_blocks":[false],"ipv6_cidr_blocks":[],"prefix_list_ids":[],"security_groups":[]},{"cidr_blocks":[false],"ipv6_cidr_blocks":[],"prefix_list_ids":[],"security_groups":[]}],"name_prefix":true,"owner_id":true,"tags":{},"tags_all":{},"vpc_id":true},"before_sensitive":false,"after_sensitive":{"egress":[{"cidr_blocks":[false],"ipv6_cidr_blocks":[],"prefix_list_ids":[],"security_groups":[]}],"ingress":[{"cidr_blocks":[false],"ipv6_cidr_blocks":[],"prefix_list_ids":[],"security_groups":[]},{"cidr_blocks":[false],"ipv6_cidr_blocks":[],"prefix_list_ids":[],"security_groups":[]}],"tags":{},"tags_all":{}}}},{"address":"aws_subnet.private_subnet_1","mode":"managed","type":"aws_subnet","name":"private_subnet_1","provider_name":"registry.terraform.io/hashicorp/aws","change":{"actions":["create"],"before":null,"after":{"assign_ipv6_address_on_creation":false,"availability_zone":"us-west-2a","cidr_block":"10.0.3.0/24","customer_owned_ipv4_pool":null,"enable_dns64":false,"enable_resource_name_dns_a_record_on_launch":false,"enable_resource_name_dns_aaaa_record_on_launch":false,"ipv6_cidr_block":null,"ipv6_native":false,"map_customer_owned_ip_on_launch":null,"map_public_ip_on_launch":false,"outpost_arn":null,"tags":{"Name":"private_subnet_1"},"tags_all":{"Name":"private_subnet_1"},"timeouts":null},"after_unknown":{"arn":true,"availability_zone_id":true,"id":true,"ipv6_cidr_block_association_id":true,"owner_id":true,"private_dns_hostname_type_on_launch":true,"tags":{},"tags_all":{},"vpc_id":true},"before_sensitive":false,"after_sensitive":{"tags":{},"tags_all":{}}}},{"address":"aws_subnet.private_subnet_2","mode":"managed","type":"aws_subnet","name":"private_subnet_2","provider_name":"registry.terraform.io/hashicorp/aws","change":{"actions":["create"],"before":null,"after":{"assign_ipv6_address_on_creation":false,"availability_zone":"us-west-2b","cidr_block":"10.0.4.0/24","customer_owned_ipv4_pool":null,"enable_dns64":false,"enable_resource_name_dns_a_record_on_launch":false,"enable_resource_name_dns_aaaa_record_on_launch":false,"ipv6_cidr_block":null,"ipv6_native":false,"map_customer_owned_ip_on_launch":null,"map_public_ip_on_launch":false,"outpost_arn":null,"tags":{"Name":"private_subnet_2"},"tags_all":{"Name":"private_subnet_2"},"timeouts":null},"after_unknown":{"arn":true,"availability_zone_id":true,"id":true,"ipv6_cidr_block_association_id":true,"owner_id":true,"private_dns_hostname_type_on_launch":true,"tags":{},"tags_all":{},"vpc_id":true},"before_sensitive":false,"after_sensitive":{"tags":{},"tags_all":{}}}},{"address":"aws_subnet.public_subnet_1","mode":"managed","type":"aws_subnet","name":"public_subnet_1","provider_name":"registry.terraform.io/hashicorp/aws","change":{"actions":["create"],"before":null,"after":{"assign_ipv6_address_on_creation":false,"availability_zone":"us-west-2a","cidr_block":"10.0.1.0/24","customer_owned_ipv4_pool":null,"enable_dns64":false,"enable_resource_name_dns_a_record_on_launch":false,"enable_resource_name_dns_aaaa_record_on_launch":false,"ipv6_cidr_block":null,"ipv6_native":false,"map_customer_owned_ip_on_launch":null,"map_public_ip_on_launch":true,"outpost_arn":null,"tags":{"Name":"public_subnet_1"},"tags_all":{"Name":"public_subnet_1"},"timeouts":null},"after_unknown":{"arn":true,"availability_zone_id":true,"id":true,"ipv6_cidr_block_association_id":true,"owner_id":true,"private_dns_hostname_type_on_launch":true,"tags":{},"tags_all":{},"vpc_id":true},"before_sensitive":false,"after_sensitive":{"tags":{},"tags_all":{}}}},{"address":"aws_subnet.public_subnet_2","mode":"managed","type":"aws_subnet","name":"public_subnet_2","provider_name":"registry.terraform.io/hashicorp/aws","change":{"actions":["create"],"before":null,"after":{"assign_ipv6_address_on_creation":false,"availability_zone":"us-west-2b","cidr_block":"10.0.2.0/24","customer_owned_ipv4_pool":null,"enable_dns64":false,"enable_resource_name_dns_a_record_on_launch":false,"enable_resource_name_dns_aaaa_record_on_launch":false,"ipv6_cidr_block":null,"ipv6_native":false,"map_customer_owned_ip_on_launch":null,"map_public_ip_on_launch":true,"outpost_arn":null,"tags":{"Name":"public_subnet_2"},"tags_all":{"Name":"public_subnet_2"},"timeouts":null},"after_unknown":{"arn":true,"availability_zone_id":true,"id":true,"ipv6_cidr_block_association_id":true,"owner_id":true,"private_dns_hostname_type_on_launch":true,"tags":{},"tags_all":{},"vpc_id":true},"before_sensitive":false,"after_sensitive":{"tags":{},"tags_all":{}}}},{"address":"aws_vpc.my_vpc","mode":"managed","type":"aws_vpc","name":"my_vpc","provider_name":"registry.terraform.io/hashicorp/aws","change":{"actions":["create"],"before":null,"after":{"assign_generated_ipv6_cidr_block":null,"cidr_block":"10.0.0.0/16","enable_dns_support":true,"instance_tenancy":"default","ipv4_ipam_pool_id":null,"ipv4_netmask_length":null,"ipv6_ipam_pool_id":null,"ipv6_netmask_length":null,"tags":{"Name":"my-vpc"},"tags_all":{"Name":"my-vpc"}},"after_unknown":{"arn":true,"default_network_acl_id":true,"default_route_table_id":true,"default_security_group_id":true,"dhcp_options_id":true,"enable_classiclink":true,"enable_classiclink_dns_support":true,"enable_dns_hostnames":true,"id":true,"ipv6_association_id":true,"ipv6_cidr_block":true,"ipv6_cidr_block_network_border_group":true,"main_route_table_id":true,"owner_id":true,"tags":{},"tags_all":{}},"before_sensitive":false,"after_sensitive":{"tags":{},"tags_all":{}}}},{"address":"aws_vpc.provisionerVPC","mode":"managed","type":"aws_vpc","name":"provisionerVPC","provider_name":"registry.terraform.io/hashicorp/aws","change":{"actions":["create"],"before":null,"after":{"assign_generated_ipv6_cidr_block":null,"cidr_block":"10.0.1.0/24","enable_dns_hostnames":true,"enable_dns_support":true,"instance_tenancy":"default","ipv4_ipam_pool_id":null,"ipv4_netmask_length":null,"ipv6_ipam_pool_id":null,"ipv6_netmask_length":null,"tags":{"Name":"dev-terraform-vpc"},"tags_all":{"Name":"dev-terraform-vpc"}},"after_unknown":{"arn":true,"default_network_acl_id":true,"default_route_table_id":true,"default_security_group_id":true,"dhcp_options_id":true,"enable_classiclink":true,"enable_classiclink_dns_support":true,"id":true,"ipv6_association_id":true,"ipv6_cidr_block":true,"ipv6_cidr_block_network_border_group":true,"main_route_table_id":true,"owner_id":true,"tags":{},"tags_all":{}},"before_sensitive":false,"after_sensitive":{"tags":{},"tags_all":{}}}}],"configuration":{"provider_config":{"aws":{"name":"aws","full_name":"registry.terraform.io/hashicorp/aws","version_constraint":"~\u003e 3.27","expressions":{"profile":{"constant_value":"default"},"region":{"constant_value":"us-west-2"}}}},"root_module":{"resources":[{"address":"aws_internet_gateway.my_gw","mode":"managed","type":"aws_internet_gateway","name":"my_gw","provider_config_key":"aws","expressions":{"tags":{"constant_value":{"Name":"my_gw"}},"vpc_id":{"references":["aws_vpc.my_vpc.id","aws_vpc.my_vpc"]}},"schema_version":0},{"address":"aws_route_table.my_rt","mode":"managed","type":"aws_route_table","name":"my_rt","provider_config_key":"aws","expressions":{"route":{"constant_value":[]},"tags":{"constant_value":{"Name":"my_rt"}},"vpc_id":{"references":["aws_vpc.my_vpc.id","aws_vpc.my_vpc"]}},"schema_version":0},{"address":"aws_security_group.allow_ssh_http","mode":"managed","type":"aws_security_group","name":"allow_ssh_http","provider_config_key":"aws","expressions":{"description":{"constant_value":"Allow SSH and http inbound traffic"},"egress":{"constant_value":[{"cidr_blocks":["0.0.0.0/0"],"description":null,"from_port":0,"ipv6_cidr_blocks":null,"prefix_list_ids":null,"protocol":"-1","security_groups":null,"self":null,"to_port":0}]},"ingress":{"references":["aws_vpc.my_vpc.cidr_block","aws_vpc.my_vpc","aws_vpc.my_vpc.cidr_block","aws_vpc.my_vpc"]},"name":{"constant_value":"allow_ssh_http"},"tags":{"constant_value":{"Name":"allow_tcp"}},"vpc_id":{"references":["aws_vpc.my_vpc.id","aws_vpc.my_vpc"]}},"schema_version":1},{"address":"aws_subnet.private_subnet_1","mode":"managed","type":"aws_subnet","name":"private_subnet_1","provider_config_key":"aws","expressions":{"availability_zone":{"constant_value":"us-west-2a"},"cidr_block":{"constant_value":"10.0.3.0/24"},"tags":{"constant_value":{"Name":"private_subnet_1"}},"vpc_id":{"references":["aws_vpc.my_vpc.id","aws_vpc.my_vpc"]}},"schema_version":1},{"address":"aws_subnet.private_subnet_2","mode":"managed","type":"aws_subnet","name":"private_subnet_2","provider_config_key":"aws","expressions":{"availability_zone":{"constant_value":"us-west-2b"},"cidr_block":{"constant_value":"10.0.4.0/24"},"tags":{"constant_value":{"Name":"private_subnet_2"}},"vpc_id":{"references":["aws_vpc.my_vpc.id","aws_vpc.my_vpc"]}},"schema_version":1},{"address":"aws_subnet.public_subnet_1","mode":"managed","type":"aws_subnet","name":"public_subnet_1","provider_config_key":"aws","expressions":{"availability_zone":{"constant_value":"us-west-2a"},"cidr_block":{"constant_value":"10.0.1.0/24"},"map_public_ip_on_launch":{"constant_value":true},"tags":{"constant_value":{"Name":"public_subnet_1"}},"vpc_id":{"references":["aws_vpc.my_vpc.id","aws_vpc.my_vpc"]}},"schema_version":1},{"address":"aws_subnet.public_subnet_2","mode":"managed","type":"aws_subnet","name":"public_subnet_2","provider_config_key":"aws","expressions":{"availability_zone":{"constant_value":"us-west-2b"},"cidr_block":{"constant_value":"10.0.2.0/24"},"map_public_ip_on_launch":{"constant_value":true},"tags":{"constant_value":{"Name":"public_subnet_2"}},"vpc_id":{"references":["aws_vpc.my_vpc.id","aws_vpc.my_vpc"]}},"schema_version":1},{"address":"aws_vpc.my_vpc","mode":"managed","type":"aws_vpc","name":"my_vpc","provider_config_key":"aws","expressions":{"cidr_block":{"constant_value":"10.0.0.0/16"},"tags":{"constant_value":{"Name":"my-vpc"}}},"schema_version":1},{"address":"aws_vpc.provisionerVPC","mode":"managed","type":"aws_vpc","name":"provisionerVPC","provider_config_key":"aws","expressions":{"cidr_block":{"references":["var.vpc_cidr"]},"enable_dns_hostnames":{"constant_value":true},"enable_dns_support":{"constant_value":true},"tags":{"constant_value":{"Name":"dev-terraform-vpc"}}},"schema_version":1}],"variables":{"vpc_cidr":{"default":"10.0.1.0/24"}}}},"relevant_attributes":[{"resource":"aws_vpc.my_vpc","attribute":["id"]},{"resource":"aws_vpc.my_vpc","attribute":["cidr_block"]}],"timestamp":"2023-10-14T23:21:42Z","errored":false}
