{"format_version":"1.2","terraform_version":"1.6.1","variables":{"vpc_cidr":{"value":"10.0.1.0/24"}},"planned_values":{"root_module":{"resources":[{"address":"aws_instance.web_server","mode":"managed","type":"aws_instance","name":"web_server","provider_name":"registry.terraform.io/hashicorp/aws","schema_version":1,"values":{"ami":"ami-0e2e9c570f999a4c8","arn":"arn:aws:ec2:us-west-2:907139822121:instance/i-005082bd52ad73ccc","associate_public_ip_address":true,"availability_zone":"us-west-2a","capacity_reservation_specification":[{"capacity_reservation_preference":"open","capacity_reservation_target":[]}],"cpu_core_count":1,"cpu_threads_per_core":1,"credit_specification":[{"cpu_credits":"standard"}],"disable_api_termination":false,"ebs_block_device":[],"ebs_optimized":false,"enclave_options":[{"enabled":false}],"ephemeral_block_device":[],"get_password_data":false,"hibernation":false,"host_id":null,"iam_instance_profile":"","id":"i-005082bd52ad73ccc","instance_initiated_shutdown_behavior":"stop","instance_state":"running","instance_type":"t2.micro","ipv6_address_count":0,"ipv6_addresses":[],"key_name":"web-key","launch_template":[],"metadata_options":[{"http_endpoint":"enabled","http_put_response_hop_limit":1,"http_tokens":"optional","instance_metadata_tags":"disabled"}],"monitoring":false,"network_interface":[],"outpost_arn":"","password_data":"","placement_group":"","placement_partition_number":null,"primary_network_interface_id":"eni-0828878b3b4f92483","private_dns":"ip-172-31-19-111.us-west-2.compute.internal","private_ip":"172.31.19.111","public_dns":"ec2-52-32-208-106.us-west-2.compute.amazonaws.com","public_ip":"52.32.208.106","root_block_device":[{"delete_on_termination":true,"device_name":"/dev/xvda","encrypted":false,"iops":100,"kms_key_id":"","tags":{},"throughput":0,"volume_id":"vol-0571495f7d54fe30a","volume_size":8,"volume_type":"gp2"}],"secondary_private_ips":[],"security_groups":["default"],"source_dest_check":true,"subnet_id":"subnet-0751081245418b5bb","tags":{"Name":"my-web"},"tags_all":{"Name":"my-web"},"tenancy":"default","timeouts":null,"user_data":null,"user_data_base64":null,"volume_tags":null,"vpc_security_group_ids":["sg-04c4bdd24c6015e4d"]},"sensitive_values":{"capacity_reservation_specification":[{"capacity_reservation_target":[]}],"credit_specification":[{}],"ebs_block_device":[],"enclave_options":[{}],"ephemeral_block_device":[],"ipv6_addresses":[],"launch_template":[],"metadata_options":[{}],"network_interface":[],"root_block_device":[{"tags":{}}],"secondary_private_ips":[],"security_groups":[false],"tags":{},"tags_all":{},"vpc_security_group_ids":[false]}},{"address":"aws_internet_gateway.my_gw","mode":"managed","type":"aws_internet_gateway","name":"my_gw","provider_name":"registry.terraform.io/hashicorp/aws","schema_version":0,"values":{"arn":"arn:aws:ec2:us-west-2:907139822121:internet-gateway/igw-06b6b7e190722074d","id":"igw-06b6b7e190722074d","owner_id":"907139822121","tags":{"Name":"my_gw"},"tags_all":{"Name":"my_gw"},"vpc_id":"vpc-06d00bad17a5c9702"},"sensitive_values":{"tags":{},"tags_all":{}}},{"address":"aws_network_acl.my_network_acl","mode":"managed","type":"aws_network_acl","name":"my_network_acl","provider_name":"registry.terraform.io/hashicorp/aws","schema_version":0,"values":{"arn":"arn:aws:ec2:us-west-2:907139822121:network-acl/acl-00008bc12de0030e5","egress":[],"id":"acl-00008bc12de0030e5","ingress":[{"action":"allow","cidr_block":"10.0.0.0/16","from_port":22,"icmp_code":0,"icmp_type":0,"ipv6_cidr_block":"","protocol":"6","rule_no":200,"to_port":22}],"owner_id":"907139822121","subnet_ids":[],"tags":{},"tags_all":{},"vpc_id":"vpc-06d00bad17a5c9702"},"sensitive_values":{"egress":[],"ingress":[{}],"subnet_ids":[],"tags":{},"tags_all":{}}},{"address":"aws_network_acl_rule.my_network_acl","mode":"managed","type":"aws_network_acl_rule","name":"my_network_acl","provider_name":"registry.terraform.io/hashicorp/aws","schema_version":0,"values":{"cidr_block":"10.0.0.0/16","egress":false,"from_port":22,"icmp_code":null,"icmp_type":null,"id":"nacl-4126477874","ipv6_cidr_block":"","network_acl_id":"acl-00008bc12de0030e5","protocol":"tcp","rule_action":"allow","rule_number":200,"to_port":22},"sensitive_values":{}},{"address":"aws_route_table.private_route","mode":"managed","type":"aws_route_table","name":"private_route","provider_name":"registry.terraform.io/hashicorp/aws","schema_version":0,"values":{"route":[{"carrier_gateway_id":"","cidr_block":"10.0.2.0/24","destination_prefix_list_id":"","egress_only_gateway_id":"","gateway_id":"igw-06b6b7e190722074d","instance_id":"","ipv6_cidr_block":"","local_gateway_id":"","nat_gateway_id":"","network_interface_id":"","transit_gateway_id":"","vpc_endpoint_id":"","vpc_peering_connection_id":""}],"tags":{"Name":"private-route"},"tags_all":{"Name":"private-route"},"timeouts":null,"vpc_id":"vpc-06d00bad17a5c9702"},"sensitive_values":{"propagating_vgws":[],"route":[{}],"tags":{},"tags_all":{}}},{"address":"aws_route_table.public_route","mode":"managed","type":"aws_route_table","name":"public_route","provider_name":"registry.terraform.io/hashicorp/aws","schema_version":0,"values":{"route":[{"carrier_gateway_id":"","cidr_block":"10.0.1.0/24","destination_prefix_list_id":"","egress_only_gateway_id":"","gateway_id":"igw-06b6b7e190722074d","instance_id":"","ipv6_cidr_block":"","local_gateway_id":"","nat_gateway_id":"","network_interface_id":"","transit_gateway_id":"","vpc_endpoint_id":"","vpc_peering_connection_id":""}],"tags":{"Name":"public-route"},"tags_all":{"Name":"public-route"},"timeouts":null,"vpc_id":"vpc-06d00bad17a5c9702"},"sensitive_values":{"propagating_vgws":[],"route":[{}],"tags":{},"tags_all":{}}},{"address":"aws_route_table_association.private_subnet_route","mode":"managed","type":"aws_route_table_association","name":"private_subnet_route","provider_name":"registry.terraform.io/hashicorp/aws","schema_version":0,"values":{"gateway_id":null,"subnet_id":"subnet-07c0db4be2e8a072a"},"sensitive_values":{}},{"address":"aws_route_table_association.public_subnet_route","mode":"managed","type":"aws_route_table_association","name":"public_subnet_route","provider_name":"registry.terraform.io/hashicorp/aws","schema_version":0,"values":{"gateway_id":null,"subnet_id":"subnet-0efa4b4c640834a41"},"sensitive_values":{}},{"address":"aws_security_group.allow_ssh_http","mode":"managed","type":"aws_security_group","name":"allow_ssh_http","provider_name":"registry.terraform.io/hashicorp/aws","schema_version":1,"values":{"arn":"arn:aws:ec2:us-west-2:907139822121:security-group/sg-0ee8c8cd0015f56e1","description":"Allow SSH and http inbound traffic","egress":[{"cidr_blocks":["0.0.0.0/0"],"description":"","from_port":0,"ipv6_cidr_blocks":[],"prefix_list_ids":[],"protocol":"-1","security_groups":[],"self":false,"to_port":0}],"id":"sg-0ee8c8cd0015f56e1","ingress":[{"cidr_blocks":["10.0.0.0/16"],"description":"HTTP from VPC","from_port":80,"ipv6_cidr_blocks":[],"prefix_list_ids":[],"protocol":"tcp","security_groups":[],"self":false,"to_port":80},{"cidr_blocks":["10.0.0.0/16"],"description":"SSH from VPC","from_port":22,"ipv6_cidr_blocks":[],"prefix_list_ids":[],"protocol":"tcp","security_groups":[],"self":false,"to_port":22}],"name":"allow_ssh_http","name_prefix":"","owner_id":"907139822121","revoke_rules_on_delete":false,"tags":{"Name":"allow_tcp"},"tags_all":{"Name":"allow_tcp"},"timeouts":null,"vpc_id":"vpc-06d00bad17a5c9702"},"sensitive_values":{"egress":[{"cidr_blocks":[false],"ipv6_cidr_blocks":[],"prefix_list_ids":[],"security_groups":[]}],"ingress":[{"cidr_blocks":[false],"ipv6_cidr_blocks":[],"prefix_list_ids":[],"security_groups":[]},{"cidr_blocks":[false],"ipv6_cidr_blocks":[],"prefix_list_ids":[],"security_groups":[]}],"tags":{},"tags_all":{}}},{"address":"aws_subnet.my_subnet","mode":"managed","type":"aws_subnet","name":"my_subnet","provider_name":"registry.terraform.io/hashicorp/aws","schema_version":1,"values":{"assign_ipv6_address_on_creation":false,"cidr_block":"10.0.1.0/24","customer_owned_ipv4_pool":null,"enable_dns64":false,"enable_resource_name_dns_a_record_on_launch":false,"enable_resource_name_dns_aaaa_record_on_launch":false,"ipv6_cidr_block":null,"ipv6_native":false,"map_customer_owned_ip_on_launch":null,"map_public_ip_on_launch":false,"outpost_arn":null,"tags":{"Name":"my-subnet"},"tags_all":{"Name":"my-subnet"},"timeouts":null,"vpc_id":"vpc-06d00bad17a5c9702"},"sensitive_values":{"tags":{},"tags_all":{}}},{"address":"aws_subnet.private_subnet","mode":"managed","type":"aws_subnet","name":"private_subnet","provider_name":"registry.terraform.io/hashicorp/aws","schema_version":1,"values":{"arn":"arn:aws:ec2:us-west-2:907139822121:subnet/subnet-07c0db4be2e8a072a","assign_ipv6_address_on_creation":false,"availability_zone":"us-west-2b","availability_zone_id":"usw2-az2","cidr_block":"10.0.2.0/24","customer_owned_ipv4_pool":"","enable_dns64":false,"enable_resource_name_dns_a_record_on_launch":false,"enable_resource_name_dns_aaaa_record_on_launch":false,"id":"subnet-07c0db4be2e8a072a","ipv6_cidr_block":"","ipv6_cidr_block_association_id":"","ipv6_native":false,"map_customer_owned_ip_on_launch":false,"map_public_ip_on_launch":false,"outpost_arn":"","owner_id":"907139822121","private_dns_hostname_type_on_launch":"ip-name","tags":{"Name":"private_subnet"},"tags_all":{"Name":"private_subnet"},"timeouts":null,"vpc_id":"vpc-06d00bad17a5c9702"},"sensitive_values":{"tags":{},"tags_all":{}}},{"address":"aws_subnet.public_subnet","mode":"managed","type":"aws_subnet","name":"public_subnet","provider_name":"registry.terraform.io/hashicorp/aws","schema_version":1,"values":{"arn":"arn:aws:ec2:us-west-2:907139822121:subnet/subnet-0efa4b4c640834a41","assign_ipv6_address_on_creation":false,"availability_zone":"us-west-2a","availability_zone_id":"usw2-az1","cidr_block":"10.0.1.0/24","customer_owned_ipv4_pool":"","enable_dns64":false,"enable_resource_name_dns_a_record_on_launch":false,"enable_resource_name_dns_aaaa_record_on_launch":false,"id":"subnet-0efa4b4c640834a41","ipv6_cidr_block":"","ipv6_cidr_block_association_id":"","ipv6_native":false,"map_customer_owned_ip_on_launch":false,"map_public_ip_on_launch":true,"outpost_arn":"","owner_id":"907139822121","private_dns_hostname_type_on_launch":"ip-name","tags":{"Name":"public_subnet"},"tags_all":{"Name":"public_subnet"},"timeouts":null,"vpc_id":"vpc-06d00bad17a5c9702"},"sensitive_values":{"tags":{},"tags_all":{}}},{"address":"aws_vpc.my_vpc","mode":"managed","type":"aws_vpc","name":"my_vpc","provider_name":"registry.terraform.io/hashicorp/aws","schema_version":1,"values":{"arn":"arn:aws:ec2:us-west-2:907139822121:vpc/vpc-06d00bad17a5c9702","assign_generated_ipv6_cidr_block":false,"cidr_block":"10.0.0.0/16","default_network_acl_id":"acl-06c4752e84ad54ba5","default_route_table_id":"rtb-03ba1a49780a85492","default_security_group_id":"sg-0009c6133ee2806e7","dhcp_options_id":"dopt-06156d4fbab086bda","enable_classiclink":false,"enable_classiclink_dns_support":false,"enable_dns_hostnames":false,"enable_dns_support":true,"id":"vpc-06d00bad17a5c9702","instance_tenancy":"default","ipv4_ipam_pool_id":null,"ipv4_netmask_length":null,"ipv6_association_id":"","ipv6_cidr_block":"","ipv6_cidr_block_network_border_group":"","ipv6_ipam_pool_id":"","ipv6_netmask_length":0,"main_route_table_id":"rtb-03ba1a49780a85492","owner_id":"907139822121","tags":{"Name":"my-vpc"},"tags_all":{"Name":"my-vpc"}},"sensitive_values":{"tags":{},"tags_all":{}}},{"address":"aws_vpc.provisionerVPC","mode":"managed","type":"aws_vpc","name":"provisionerVPC","provider_name":"registry.terraform.io/hashicorp/aws","schema_version":1,"values":{"arn":"arn:aws:ec2:us-west-2:907139822121:vpc/vpc-0d2a4821a3ea9a867","assign_generated_ipv6_cidr_block":false,"cidr_block":"10.0.1.0/24","default_network_acl_id":"acl-0f456a58225e1e55d","default_route_table_id":"rtb-0326a5347d808a45f","default_security_group_id":"sg-0b724cd880388e501","dhcp_options_id":"dopt-06156d4fbab086bda","enable_classiclink":false,"enable_classiclink_dns_support":false,"enable_dns_hostnames":true,"enable_dns_support":true,"id":"vpc-0d2a4821a3ea9a867","instance_tenancy":"default","ipv4_ipam_pool_id":null,"ipv4_netmask_length":null,"ipv6_association_id":"","ipv6_cidr_block":"","ipv6_cidr_block_network_border_group":"","ipv6_ipam_pool_id":"","ipv6_netmask_length":0,"main_route_table_id":"rtb-0326a5347d808a45f","owner_id":"907139822121","tags":{"Name":"dev-terraform-vpc"},"tags_all":{"Name":"dev-terraform-vpc"}},"sensitive_values":{"tags":{},"tags_all":{}}}]}},"resource_drift":[{"address":"aws_route_table.private_route","mode":"managed","type":"aws_route_table","name":"private_route","provider_name":"registry.terraform.io/hashicorp/aws","change":{"actions":["update"],"before":{"arn":null,"id":"rtb-0f4b4e55a074c6eb1","owner_id":null,"propagating_vgws":[],"route":[{"carrier_gateway_id":"","cidr_block":"10.0.2.0/24","destination_prefix_list_id":"","egress_only_gateway_id":"","gateway_id":"igw-06b6b7e190722074d","instance_id":"","ipv6_cidr_block":"","local_gateway_id":"","nat_gateway_id":"","network_interface_id":"","transit_gateway_id":"","vpc_endpoint_id":"","vpc_peering_connection_id":""}],"tags":{"Name":"private-route"},"tags_all":{"Name":"private-route"},"timeouts":null,"vpc_id":"vpc-06d00bad17a5c9702"},"after":{"arn":"arn:aws:ec2:us-west-2:907139822121:route-table/rtb-0f4b4e55a074c6eb1","id":"rtb-0f4b4e55a074c6eb1","owner_id":"907139822121","propagating_vgws":[],"route":[],"tags":{"Name":"private-route"},"tags_all":{"Name":"private-route"},"timeouts":null,"vpc_id":"vpc-06d00bad17a5c9702"},"after_unknown":{},"before_sensitive":{"propagating_vgws":[],"route":[{}],"tags":{},"tags_all":{}},"after_sensitive":{"propagating_vgws":[],"route":[],"tags":{},"tags_all":{}}}},{"address":"aws_route_table.public_route","mode":"managed","type":"aws_route_table","name":"public_route","provider_name":"registry.terraform.io/hashicorp/aws","change":{"actions":["update"],"before":{"arn":null,"id":"rtb-0d23c717de00492c3","owner_id":null,"propagating_vgws":[],"route":[{"carrier_gateway_id":"","cidr_block":"10.0.1.0/24","destination_prefix_list_id":"","egress_only_gateway_id":"","gateway_id":"igw-06b6b7e190722074d","instance_id":"","ipv6_cidr_block":"","local_gateway_id":"","nat_gateway_id":"","network_interface_id":"","transit_gateway_id":"","vpc_endpoint_id":"","vpc_peering_connection_id":""}],"tags":{"Name":"public-route"},"tags_all":{"Name":"public-route"},"timeouts":null,"vpc_id":"vpc-06d00bad17a5c9702"},"after":{"arn":"arn:aws:ec2:us-west-2:907139822121:route-table/rtb-0d23c717de00492c3","id":"rtb-0d23c717de00492c3","owner_id":"907139822121","propagating_vgws":[],"route":[],"tags":{"Name":"public-route"},"tags_all":{"Name":"public-route"},"timeouts":null,"vpc_id":"vpc-06d00bad17a5c9702"},"after_unknown":{},"before_sensitive":{"propagating_vgws":[],"route":[{}],"tags":{},"tags_all":{}},"after_sensitive":{"propagating_vgws":[],"route":[],"tags":{},"tags_all":{}}}}],"resource_changes":[{"address":"aws_instance.web_server","mode":"managed","type":"aws_instance","name":"web_server","provider_name":"registry.terraform.io/hashicorp/aws","change":{"actions":["no-op"],"before":{"ami":"ami-0e2e9c570f999a4c8","arn":"arn:aws:ec2:us-west-2:907139822121:instance/i-005082bd52ad73ccc","associate_public_ip_address":true,"availability_zone":"us-west-2a","capacity_reservation_specification":[{"capacity_reservation_preference":"open","capacity_reservation_target":[]}],"cpu_core_count":1,"cpu_threads_per_core":1,"credit_specification":[{"cpu_credits":"standard"}],"disable_api_termination":false,"ebs_block_device":[],"ebs_optimized":false,"enclave_options":[{"enabled":false}],"ephemeral_block_device":[],"get_password_data":false,"hibernation":false,"host_id":null,"iam_instance_profile":"","id":"i-005082bd52ad73ccc","instance_initiated_shutdown_behavior":"stop","instance_state":"running","instance_type":"t2.micro","ipv6_address_count":0,"ipv6_addresses":[],"key_name":"web-key","launch_template":[],"metadata_options":[{"http_endpoint":"enabled","http_put_response_hop_limit":1,"http_tokens":"optional","instance_metadata_tags":"disabled"}],"monitoring":false,"network_interface":[],"outpost_arn":"","password_data":"","placement_group":"","placement_partition_number":null,"primary_network_interface_id":"eni-0828878b3b4f92483","private_dns":"ip-172-31-19-111.us-west-2.compute.internal","private_ip":"172.31.19.111","public_dns":"ec2-52-32-208-106.us-west-2.compute.amazonaws.com","public_ip":"52.32.208.106","root_block_device":[{"delete_on_termination":true,"device_name":"/dev/xvda","encrypted":false,"iops":100,"kms_key_id":"","tags":{},"throughput":0,"volume_id":"vol-0571495f7d54fe30a","volume_size":8,"volume_type":"gp2"}],"secondary_private_ips":[],"security_groups":["default"],"source_dest_check":true,"subnet_id":"subnet-0751081245418b5bb","tags":{"Name":"my-web"},"tags_all":{"Name":"my-web"},"tenancy":"default","timeouts":null,"user_data":null,"user_data_base64":null,"volume_tags":null,"vpc_security_group_ids":["sg-04c4bdd24c6015e4d"]},"after":{"ami":"ami-0e2e9c570f999a4c8","arn":"arn:aws:ec2:us-west-2:907139822121:instance/i-005082bd52ad73ccc","associate_public_ip_address":true,"availability_zone":"us-west-2a","capacity_reservation_specification":[{"capacity_reservation_preference":"open","capacity_reservation_target":[]}],"cpu_core_count":1,"cpu_threads_per_core":1,"credit_specification":[{"cpu_credits":"standard"}],"disable_api_termination":false,"ebs_block_device":[],"ebs_optimized":false,"enclave_options":[{"enabled":false}],"ephemeral_block_device":[],"get_password_data":false,"hibernation":false,"host_id":null,"iam_instance_profile":"","id":"i-005082bd52ad73ccc","instance_initiated_shutdown_behavior":"stop","instance_state":"running","instance_type":"t2.micro","ipv6_address_count":0,"ipv6_addresses":[],"key_name":"web-key","launch_template":[],"metadata_options":[{"http_endpoint":"enabled","http_put_response_hop_limit":1,"http_tokens":"optional","instance_metadata_tags":"disabled"}],"monitoring":false,"network_interface":[],"outpost_arn":"","password_data":"","placement_group":"","placement_partition_number":null,"primary_network_interface_id":"eni-0828878b3b4f92483","private_dns":"ip-172-31-19-111.us-west-2.compute.internal","private_ip":"172.31.19.111","public_dns":"ec2-52-32-208-106.us-west-2.compute.amazonaws.com","public_ip":"52.32.208.106","root_block_device":[{"delete_on_termination":true,"device_name":"/dev/xvda","encrypted":false,"iops":100,"kms_key_id":"","tags":{},"throughput":0,"volume_id":"vol-0571495f7d54fe30a","volume_size":8,"volume_type":"gp2"}],"secondary_private_ips":[],"security_groups":["default"],"source_dest_check":true,"subnet_id":"subnet-0751081245418b5bb","tags":{"Name":"my-web"},"tags_all":{"Name":"my-web"},"tenancy":"default","timeouts":null,"user_data":null,"user_data_base64":null,"volume_tags":null,"vpc_security_group_ids":["sg-04c4bdd24c6015e4d"]},"after_unknown":{},"before_sensitive":{"capacity_reservation_specification":[{"capacity_reservation_target":[]}],"credit_specification":[{}],"ebs_block_device":[],"enclave_options":[{}],"ephemeral_block_device":[],"ipv6_addresses":[],"launch_template":[],"metadata_options":[{}],"network_interface":[],"root_block_device":[{"tags":{}}],"secondary_private_ips":[],"security_groups":[false],"tags":{},"tags_all":{},"vpc_security_group_ids":[false]},"after_sensitive":{"capacity_reservation_specification":[{"capacity_reservation_target":[]}],"credit_specification":[{}],"ebs_block_device":[],"enclave_options":[{}],"ephemeral_block_device":[],"ipv6_addresses":[],"launch_template":[],"metadata_options":[{}],"network_interface":[],"root_block_device":[{"tags":{}}],"secondary_private_ips":[],"security_groups":[false],"tags":{},"tags_all":{},"vpc_security_group_ids":[false]}}},{"address":"aws_internet_gateway.my_gw","mode":"managed","type":"aws_internet_gateway","name":"my_gw","provider_name":"registry.terraform.io/hashicorp/aws","change":{"actions":["no-op"],"before":{"arn":"arn:aws:ec2:us-west-2:907139822121:internet-gateway/igw-06b6b7e190722074d","id":"igw-06b6b7e190722074d","owner_id":"907139822121","tags":{"Name":"my_gw"},"tags_all":{"Name":"my_gw"},"vpc_id":"vpc-06d00bad17a5c9702"},"after":{"arn":"arn:aws:ec2:us-west-2:907139822121:internet-gateway/igw-06b6b7e190722074d","id":"igw-06b6b7e190722074d","owner_id":"907139822121","tags":{"Name":"my_gw"},"tags_all":{"Name":"my_gw"},"vpc_id":"vpc-06d00bad17a5c9702"},"after_unknown":{},"before_sensitive":{"tags":{},"tags_all":{}},"after_sensitive":{"tags":{},"tags_all":{}}}},{"address":"aws_network_acl.my_network_acl","mode":"managed","type":"aws_network_acl","name":"my_network_acl","provider_name":"registry.terraform.io/hashicorp/aws","change":{"actions":["no-op"],"before":{"arn":"arn:aws:ec2:us-west-2:907139822121:network-acl/acl-00008bc12de0030e5","egress":[],"id":"acl-00008bc12de0030e5","ingress":[{"action":"allow","cidr_block":"10.0.0.0/16","from_port":22,"icmp_code":0,"icmp_type":0,"ipv6_cidr_block":"","protocol":"6","rule_no":200,"to_port":22}],"owner_id":"907139822121","subnet_ids":[],"tags":{},"tags_all":{},"vpc_id":"vpc-06d00bad17a5c9702"},"after":{"arn":"arn:aws:ec2:us-west-2:907139822121:network-acl/acl-00008bc12de0030e5","egress":[],"id":"acl-00008bc12de0030e5","ingress":[{"action":"allow","cidr_block":"10.0.0.0/16","from_port":22,"icmp_code":0,"icmp_type":0,"ipv6_cidr_block":"","protocol":"6","rule_no":200,"to_port":22}],"owner_id":"907139822121","subnet_ids":[],"tags":{},"tags_all":{},"vpc_id":"vpc-06d00bad17a5c9702"},"after_unknown":{},"before_sensitive":{"egress":[],"ingress":[{}],"subnet_ids":[],"tags":{},"tags_all":{}},"after_sensitive":{"egress":[],"ingress":[{}],"subnet_ids":[],"tags":{},"tags_all":{}}}},{"address":"aws_network_acl_rule.my_network_acl","mode":"managed","type":"aws_network_acl_rule","name":"my_network_acl","provider_name":"registry.terraform.io/hashicorp/aws","change":{"actions":["no-op"],"before":{"cidr_block":"10.0.0.0/16","egress":false,"from_port":22,"icmp_code":null,"icmp_type":null,"id":"nacl-4126477874","ipv6_cidr_block":"","network_acl_id":"acl-00008bc12de0030e5","protocol":"tcp","rule_action":"allow","rule_number":200,"to_port":22},"after":{"cidr_block":"10.0.0.0/16","egress":false,"from_port":22,"icmp_code":null,"icmp_type":null,"id":"nacl-4126477874","ipv6_cidr_block":"","network_acl_id":"acl-00008bc12de0030e5","protocol":"tcp","rule_action":"allow","rule_number":200,"to_port":22},"after_unknown":{},"before_sensitive":{},"after_sensitive":{}}},{"address":"aws_route_table.private_route","mode":"managed","type":"aws_route_table","name":"private_route","provider_name":"registry.terraform.io/hashicorp/aws","change":{"actions":["delete","create"],"before":{"arn":"arn:aws:ec2:us-west-2:907139822121:route-table/rtb-0f4b4e55a074c6eb1","id":"rtb-0f4b4e55a074c6eb1","owner_id":"907139822121","propagating_vgws":[],"route":[],"tags":{"Name":"private-route"},"tags_all":{"Name":"private-route"},"timeouts":null,"vpc_id":"vpc-06d00bad17a5c9702"},"after":{"route":[{"carrier_gateway_id":"","cidr_block":"10.0.2.0/24","destination_prefix_list_id":"","egress_only_gateway_id":"","gateway_id":"igw-06b6b7e190722074d","instance_id":"","ipv6_cidr_block":"","local_gateway_id":"","nat_gateway_id":"","network_interface_id":"","transit_gateway_id":"","vpc_endpoint_id":"","vpc_peering_connection_id":""}],"tags":{"Name":"private-route"},"tags_all":{"Name":"private-route"},"timeouts":null,"vpc_id":"vpc-06d00bad17a5c9702"},"after_unknown":{"arn":true,"id":true,"owner_id":true,"propagating_vgws":true,"route":[{}],"tags":{},"tags_all":{}},"before_sensitive":{"propagating_vgws":[],"route":[],"tags":{},"tags_all":{}},"after_sensitive":{"propagating_vgws":[],"route":[{}],"tags":{},"tags_all":{}}},"action_reason":"replace_because_tainted"},{"address":"aws_route_table.public_route","mode":"managed","type":"aws_route_table","name":"public_route","provider_name":"registry.terraform.io/hashicorp/aws","change":{"actions":["delete","create"],"before":{"arn":"arn:aws:ec2:us-west-2:907139822121:route-table/rtb-0d23c717de00492c3","id":"rtb-0d23c717de00492c3","owner_id":"907139822121","propagating_vgws":[],"route":[],"tags":{"Name":"public-route"},"tags_all":{"Name":"public-route"},"timeouts":null,"vpc_id":"vpc-06d00bad17a5c9702"},"after":{"route":[{"carrier_gateway_id":"","cidr_block":"10.0.1.0/24","destination_prefix_list_id":"","egress_only_gateway_id":"","gateway_id":"igw-06b6b7e190722074d","instance_id":"","ipv6_cidr_block":"","local_gateway_id":"","nat_gateway_id":"","network_interface_id":"","transit_gateway_id":"","vpc_endpoint_id":"","vpc_peering_connection_id":""}],"tags":{"Name":"public-route"},"tags_all":{"Name":"public-route"},"timeouts":null,"vpc_id":"vpc-06d00bad17a5c9702"},"after_unknown":{"arn":true,"id":true,"owner_id":true,"propagating_vgws":true,"route":[{}],"tags":{},"tags_all":{}},"before_sensitive":{"propagating_vgws":[],"route":[],"tags":{},"tags_all":{}},"after_sensitive":{"propagating_vgws":[],"route":[{}],"tags":{},"tags_all":{}}},"action_reason":"replace_because_tainted"},{"address":"aws_route_table_association.private_subnet_route","mode":"managed","type":"aws_route_table_association","name":"private_subnet_route","provider_name":"registry.terraform.io/hashicorp/aws","change":{"actions":["create"],"before":null,"after":{"gateway_id":null,"subnet_id":"subnet-07c0db4be2e8a072a"},"after_unknown":{"id":true,"route_table_id":true},"before_sensitive":false,"after_sensitive":{}}},{"address":"aws_route_table_association.public_subnet_route","mode":"managed","type":"aws_route_table_association","name":"public_subnet_route","provider_name":"registry.terraform.io/hashicorp/aws","change":{"actions":["create"],"before":null,"after":{"gateway_id":null,"subnet_id":"subnet-0efa4b4c640834a41"},"after_unknown":{"id":true,"route_table_id":true},"before_sensitive":false,"after_sensitive":{}}},{"address":"aws_security_group.allow_ssh_http","mode":"managed","type":"aws_security_group","name":"allow_ssh_http","provider_name":"registry.terraform.io/hashicorp/aws","change":{"actions":["no-op"],"before":{"arn":"arn:aws:ec2:us-west-2:907139822121:security-group/sg-0ee8c8cd0015f56e1","description":"Allow SSH and http inbound traffic","egress":[{"cidr_blocks":["0.0.0.0/0"],"description":"","from_port":0,"ipv6_cidr_blocks":[],"prefix_list_ids":[],"protocol":"-1","security_groups":[],"self":false,"to_port":0}],"id":"sg-0ee8c8cd0015f56e1","ingress":[{"cidr_blocks":["10.0.0.0/16"],"description":"HTTP from VPC","from_port":80,"ipv6_cidr_blocks":[],"prefix_list_ids":[],"protocol":"tcp","security_groups":[],"self":false,"to_port":80},{"cidr_blocks":["10.0.0.0/16"],"description":"SSH from VPC","from_port":22,"ipv6_cidr_blocks":[],"prefix_list_ids":[],"protocol":"tcp","security_groups":[],"self":false,"to_port":22}],"name":"allow_ssh_http","name_prefix":"","owner_id":"907139822121","revoke_rules_on_delete":false,"tags":{"Name":"allow_tcp"},"tags_all":{"Name":"allow_tcp"},"timeouts":null,"vpc_id":"vpc-06d00bad17a5c9702"},"after":{"arn":"arn:aws:ec2:us-west-2:907139822121:security-group/sg-0ee8c8cd0015f56e1","description":"Allow SSH and http inbound traffic","egress":[{"cidr_blocks":["0.0.0.0/0"],"description":"","from_port":0,"ipv6_cidr_blocks":[],"prefix_list_ids":[],"protocol":"-1","security_groups":[],"self":false,"to_port":0}],"id":"sg-0ee8c8cd0015f56e1","ingress":[{"cidr_blocks":["10.0.0.0/16"],"description":"HTTP from VPC","from_port":80,"ipv6_cidr_blocks":[],"prefix_list_ids":[],"protocol":"tcp","security_groups":[],"self":false,"to_port":80},{"cidr_blocks":["10.0.0.0/16"],"description":"SSH from VPC","from_port":22,"ipv6_cidr_blocks":[],"prefix_list_ids":[],"protocol":"tcp","security_groups":[],"self":false,"to_port":22}],"name":"allow_ssh_http","name_prefix":"","owner_id":"907139822121","revoke_rules_on_delete":false,"tags":{"Name":"allow_tcp"},"tags_all":{"Name":"allow_tcp"},"timeouts":null,"vpc_id":"vpc-06d00bad17a5c9702"},"after_unknown":{},"before_sensitive":{"egress":[{"cidr_blocks":[false],"ipv6_cidr_blocks":[],"prefix_list_ids":[],"security_groups":[]}],"ingress":[{"cidr_blocks":[false],"ipv6_cidr_blocks":[],"prefix_list_ids":[],"security_groups":[]},{"cidr_blocks":[false],"ipv6_cidr_blocks":[],"prefix_list_ids":[],"security_groups":[]}],"tags":{},"tags_all":{}},"after_sensitive":{"egress":[{"cidr_blocks":[false],"ipv6_cidr_blocks":[],"prefix_list_ids":[],"security_groups":[]}],"ingress":[{"cidr_blocks":[false],"ipv6_cidr_blocks":[],"prefix_list_ids":[],"security_groups":[]},{"cidr_blocks":[false],"ipv6_cidr_blocks":[],"prefix_list_ids":[],"security_groups":[]}],"tags":{},"tags_all":{}}}},{"address":"aws_subnet.my_subnet","mode":"managed","type":"aws_subnet","name":"my_subnet","provider_name":"registry.terraform.io/hashicorp/aws","change":{"actions":["create"],"before":null,"after":{"assign_ipv6_address_on_creation":false,"cidr_block":"10.0.1.0/24","customer_owned_ipv4_pool":null,"enable_dns64":false,"enable_resource_name_dns_a_record_on_launch":false,"enable_resource_name_dns_aaaa_record_on_launch":false,"ipv6_cidr_block":null,"ipv6_native":false,"map_customer_owned_ip_on_launch":null,"map_public_ip_on_launch":false,"outpost_arn":null,"tags":{"Name":"my-subnet"},"tags_all":{"Name":"my-subnet"},"timeouts":null,"vpc_id":"vpc-06d00bad17a5c9702"},"after_unknown":{"arn":true,"availability_zone":true,"availability_zone_id":true,"id":true,"ipv6_cidr_block_association_id":true,"owner_id":true,"private_dns_hostname_type_on_launch":true,"tags":{},"tags_all":{}},"before_sensitive":false,"after_sensitive":{"tags":{},"tags_all":{}}}},{"address":"aws_subnet.private_subnet","mode":"managed","type":"aws_subnet","name":"private_subnet","provider_name":"registry.terraform.io/hashicorp/aws","change":{"actions":["no-op"],"before":{"arn":"arn:aws:ec2:us-west-2:907139822121:subnet/subnet-07c0db4be2e8a072a","assign_ipv6_address_on_creation":false,"availability_zone":"us-west-2b","availability_zone_id":"usw2-az2","cidr_block":"10.0.2.0/24","customer_owned_ipv4_pool":"","enable_dns64":false,"enable_resource_name_dns_a_record_on_launch":false,"enable_resource_name_dns_aaaa_record_on_launch":false,"id":"subnet-07c0db4be2e8a072a","ipv6_cidr_block":"","ipv6_cidr_block_association_id":"","ipv6_native":false,"map_customer_owned_ip_on_launch":false,"map_public_ip_on_launch":false,"outpost_arn":"","owner_id":"907139822121","private_dns_hostname_type_on_launch":"ip-name","tags":{"Name":"private_subnet"},"tags_all":{"Name":"private_subnet"},"timeouts":null,"vpc_id":"vpc-06d00bad17a5c9702"},"after":{"arn":"arn:aws:ec2:us-west-2:907139822121:subnet/subnet-07c0db4be2e8a072a","assign_ipv6_address_on_creation":false,"availability_zone":"us-west-2b","availability_zone_id":"usw2-az2","cidr_block":"10.0.2.0/24","customer_owned_ipv4_pool":"","enable_dns64":false,"enable_resource_name_dns_a_record_on_launch":false,"enable_resource_name_dns_aaaa_record_on_launch":false,"id":"subnet-07c0db4be2e8a072a","ipv6_cidr_block":"","ipv6_cidr_block_association_id":"","ipv6_native":false,"map_customer_owned_ip_on_launch":false,"map_public_ip_on_launch":false,"outpost_arn":"","owner_id":"907139822121","private_dns_hostname_type_on_launch":"ip-name","tags":{"Name":"private_subnet"},"tags_all":{"Name":"private_subnet"},"timeouts":null,"vpc_id":"vpc-06d00bad17a5c9702"},"after_unknown":{},"before_sensitive":{"tags":{},"tags_all":{}},"after_sensitive":{"tags":{},"tags_all":{}}}},{"address":"aws_subnet.public_subnet","mode":"managed","type":"aws_subnet","name":"public_subnet","provider_name":"registry.terraform.io/hashicorp/aws","change":{"actions":["no-op"],"before":{"arn":"arn:aws:ec2:us-west-2:907139822121:subnet/subnet-0efa4b4c640834a41","assign_ipv6_address_on_creation":false,"availability_zone":"us-west-2a","availability_zone_id":"usw2-az1","cidr_block":"10.0.1.0/24","customer_owned_ipv4_pool":"","enable_dns64":false,"enable_resource_name_dns_a_record_on_launch":false,"enable_resource_name_dns_aaaa_record_on_launch":false,"id":"subnet-0efa4b4c640834a41","ipv6_cidr_block":"","ipv6_cidr_block_association_id":"","ipv6_native":false,"map_customer_owned_ip_on_launch":false,"map_public_ip_on_launch":true,"outpost_arn":"","owner_id":"907139822121","private_dns_hostname_type_on_launch":"ip-name","tags":{"Name":"public_subnet"},"tags_all":{"Name":"public_subnet"},"timeouts":null,"vpc_id":"vpc-06d00bad17a5c9702"},"after":{"arn":"arn:aws:ec2:us-west-2:907139822121:subnet/subnet-0efa4b4c640834a41","assign_ipv6_address_on_creation":false,"availability_zone":"us-west-2a","availability_zone_id":"usw2-az1","cidr_block":"10.0.1.0/24","customer_owned_ipv4_pool":"","enable_dns64":false,"enable_resource_name_dns_a_record_on_launch":false,"enable_resource_name_dns_aaaa_record_on_launch":false,"id":"subnet-0efa4b4c640834a41","ipv6_cidr_block":"","ipv6_cidr_block_association_id":"","ipv6_native":false,"map_customer_owned_ip_on_launch":false,"map_public_ip_on_launch":true,"outpost_arn":"","owner_id":"907139822121","private_dns_hostname_type_on_launch":"ip-name","tags":{"Name":"public_subnet"},"tags_all":{"Name":"public_subnet"},"timeouts":null,"vpc_id":"vpc-06d00bad17a5c9702"},"after_unknown":{},"before_sensitive":{"tags":{},"tags_all":{}},"after_sensitive":{"tags":{},"tags_all":{}}}},{"address":"aws_vpc.my_vpc","mode":"managed","type":"aws_vpc","name":"my_vpc","provider_name":"registry.terraform.io/hashicorp/aws","change":{"actions":["no-op"],"before":{"arn":"arn:aws:ec2:us-west-2:907139822121:vpc/vpc-06d00bad17a5c9702","assign_generated_ipv6_cidr_block":false,"cidr_block":"10.0.0.0/16","default_network_acl_id":"acl-06c4752e84ad54ba5","default_route_table_id":"rtb-03ba1a49780a85492","default_security_group_id":"sg-0009c6133ee2806e7","dhcp_options_id":"dopt-06156d4fbab086bda","enable_classiclink":false,"enable_classiclink_dns_support":false,"enable_dns_hostnames":false,"enable_dns_support":true,"id":"vpc-06d00bad17a5c9702","instance_tenancy":"default","ipv4_ipam_pool_id":null,"ipv4_netmask_length":null,"ipv6_association_id":"","ipv6_cidr_block":"","ipv6_cidr_block_network_border_group":"","ipv6_ipam_pool_id":"","ipv6_netmask_length":0,"main_route_table_id":"rtb-03ba1a49780a85492","owner_id":"907139822121","tags":{"Name":"my-vpc"},"tags_all":{"Name":"my-vpc"}},"after":{"arn":"arn:aws:ec2:us-west-2:907139822121:vpc/vpc-06d00bad17a5c9702","assign_generated_ipv6_cidr_block":false,"cidr_block":"10.0.0.0/16","default_network_acl_id":"acl-06c4752e84ad54ba5","default_route_table_id":"rtb-03ba1a49780a85492","default_security_group_id":"sg-0009c6133ee2806e7","dhcp_options_id":"dopt-06156d4fbab086bda","enable_classiclink":false,"enable_classiclink_dns_support":false,"enable_dns_hostnames":false,"enable_dns_support":true,"id":"vpc-06d00bad17a5c9702","instance_tenancy":"default","ipv4_ipam_pool_id":null,"ipv4_netmask_length":null,"ipv6_association_id":"","ipv6_cidr_block":"","ipv6_cidr_block_network_border_group":"","ipv6_ipam_pool_id":"","ipv6_netmask_length":0,"main_route_table_id":"rtb-03ba1a49780a85492","owner_id":"907139822121","tags":{"Name":"my-vpc"},"tags_all":{"Name":"my-vpc"}},"after_unknown":{},"before_sensitive":{"tags":{},"tags_all":{}},"after_sensitive":{"tags":{},"tags_all":{}}}},{"address":"aws_vpc.provisionerVPC","mode":"managed","type":"aws_vpc","name":"provisionerVPC","provider_name":"registry.terraform.io/hashicorp/aws","change":{"actions":["no-op"],"before":{"arn":"arn:aws:ec2:us-west-2:907139822121:vpc/vpc-0d2a4821a3ea9a867","assign_generated_ipv6_cidr_block":false,"cidr_block":"10.0.1.0/24","default_network_acl_id":"acl-0f456a58225e1e55d","default_route_table_id":"rtb-0326a5347d808a45f","default_security_group_id":"sg-0b724cd880388e501","dhcp_options_id":"dopt-06156d4fbab086bda","enable_classiclink":false,"enable_classiclink_dns_support":false,"enable_dns_hostnames":true,"enable_dns_support":true,"id":"vpc-0d2a4821a3ea9a867","instance_tenancy":"default","ipv4_ipam_pool_id":null,"ipv4_netmask_length":null,"ipv6_association_id":"","ipv6_cidr_block":"","ipv6_cidr_block_network_border_group":"","ipv6_ipam_pool_id":"","ipv6_netmask_length":0,"main_route_table_id":"rtb-0326a5347d808a45f","owner_id":"907139822121","tags":{"Name":"dev-terraform-vpc"},"tags_all":{"Name":"dev-terraform-vpc"}},"after":{"arn":"arn:aws:ec2:us-west-2:907139822121:vpc/vpc-0d2a4821a3ea9a867","assign_generated_ipv6_cidr_block":false,"cidr_block":"10.0.1.0/24","default_network_acl_id":"acl-0f456a58225e1e55d","default_route_table_id":"rtb-0326a5347d808a45f","default_security_group_id":"sg-0b724cd880388e501","dhcp_options_id":"dopt-06156d4fbab086bda","enable_classiclink":false,"enable_classiclink_dns_support":false,"enable_dns_hostnames":true,"enable_dns_support":true,"id":"vpc-0d2a4821a3ea9a867","instance_tenancy":"default","ipv4_ipam_pool_id":null,"ipv4_netmask_length":null,"ipv6_association_id":"","ipv6_cidr_block":"","ipv6_cidr_block_network_border_group":"","ipv6_ipam_pool_id":"","ipv6_netmask_length":0,"main_route_table_id":"rtb-0326a5347d808a45f","owner_id":"907139822121","tags":{"Name":"dev-terraform-vpc"},"tags_all":{"Name":"dev-terraform-vpc"}},"after_unknown":{},"before_sensitive":{"tags":{},"tags_all":{}},"after_sensitive":{"tags":{},"tags_all":{}}}}],"prior_state":{"format_version":"1.0","terraform_version":"1.6.1","values":{"root_module":{"resources":[{"address":"aws_instance.web_server","mode":"managed","type":"aws_instance","name":"web_server","provider_name":"registry.terraform.io/hashicorp/aws","schema_version":1,"values":{"ami":"ami-0e2e9c570f999a4c8","arn":"arn:aws:ec2:us-west-2:907139822121:instance/i-005082bd52ad73ccc","associate_public_ip_address":true,"availability_zone":"us-west-2a","capacity_reservation_specification":[{"capacity_reservation_preference":"open","capacity_reservation_target":[]}],"cpu_core_count":1,"cpu_threads_per_core":1,"credit_specification":[{"cpu_credits":"standard"}],"disable_api_termination":false,"ebs_block_device":[],"ebs_optimized":false,"enclave_options":[{"enabled":false}],"ephemeral_block_device":[],"get_password_data":false,"hibernation":false,"host_id":null,"iam_instance_profile":"","id":"i-005082bd52ad73ccc","instance_initiated_shutdown_behavior":"stop","instance_state":"running","instance_type":"t2.micro","ipv6_address_count":0,"ipv6_addresses":[],"key_name":"web-key","launch_template":[],"metadata_options":[{"http_endpoint":"enabled","http_put_response_hop_limit":1,"http_tokens":"optional","instance_metadata_tags":"disabled"}],"monitoring":false,"network_interface":[],"outpost_arn":"","password_data":"","placement_group":"","placement_partition_number":null,"primary_network_interface_id":"eni-0828878b3b4f92483","private_dns":"ip-172-31-19-111.us-west-2.compute.internal","private_ip":"172.31.19.111","public_dns":"ec2-52-32-208-106.us-west-2.compute.amazonaws.com","public_ip":"52.32.208.106","root_block_device":[{"delete_on_termination":true,"device_name":"/dev/xvda","encrypted":false,"iops":100,"kms_key_id":"","tags":{},"throughput":0,"volume_id":"vol-0571495f7d54fe30a","volume_size":8,"volume_type":"gp2"}],"secondary_private_ips":[],"security_groups":["default"],"source_dest_check":true,"subnet_id":"subnet-0751081245418b5bb","tags":{"Name":"my-web"},"tags_all":{"Name":"my-web"},"tenancy":"default","timeouts":null,"user_data":null,"user_data_base64":null,"volume_tags":null,"vpc_security_group_ids":["sg-04c4bdd24c6015e4d"]},"sensitive_values":{"capacity_reservation_specification":[{"capacity_reservation_target":[]}],"credit_specification":[{}],"ebs_block_device":[],"enclave_options":[{}],"ephemeral_block_device":[],"ipv6_addresses":[],"launch_template":[],"metadata_options":[{}],"network_interface":[],"root_block_device":[{"tags":{}}],"secondary_private_ips":[],"security_groups":[false],"tags":{},"tags_all":{},"vpc_security_group_ids":[false]}},{"address":"aws_internet_gateway.my_gw","mode":"managed","type":"aws_internet_gateway","name":"my_gw","provider_name":"registry.terraform.io/hashicorp/aws","schema_version":0,"values":{"arn":"arn:aws:ec2:us-west-2:907139822121:internet-gateway/igw-06b6b7e190722074d","id":"igw-06b6b7e190722074d","owner_id":"907139822121","tags":{"Name":"my_gw"},"tags_all":{"Name":"my_gw"},"vpc_id":"vpc-06d00bad17a5c9702"},"sensitive_values":{"tags":{},"tags_all":{}},"depends_on":["aws_vpc.my_vpc"]},{"address":"aws_network_acl.my_network_acl","mode":"managed","type":"aws_network_acl","name":"my_network_acl","provider_name":"registry.terraform.io/hashicorp/aws","schema_version":0,"values":{"arn":"arn:aws:ec2:us-west-2:907139822121:network-acl/acl-00008bc12de0030e5","egress":[],"id":"acl-00008bc12de0030e5","ingress":[{"action":"allow","cidr_block":"10.0.0.0/16","from_port":22,"icmp_code":0,"icmp_type":0,"ipv6_cidr_block":"","protocol":"6","rule_no":200,"to_port":22}],"owner_id":"907139822121","subnet_ids":[],"tags":{},"tags_all":{},"vpc_id":"vpc-06d00bad17a5c9702"},"sensitive_values":{"egress":[],"ingress":[{}],"subnet_ids":[],"tags":{},"tags_all":{}},"depends_on":["aws_vpc.my_vpc"]},{"address":"aws_network_acl_rule.my_network_acl","mode":"managed","type":"aws_network_acl_rule","name":"my_network_acl","provider_name":"registry.terraform.io/hashicorp/aws","schema_version":0,"values":{"cidr_block":"10.0.0.0/16","egress":false,"from_port":22,"icmp_code":null,"icmp_type":null,"id":"nacl-4126477874","ipv6_cidr_block":"","network_acl_id":"acl-00008bc12de0030e5","protocol":"tcp","rule_action":"allow","rule_number":200,"to_port":22},"sensitive_values":{},"depends_on":["aws_network_acl.my_network_acl","aws_vpc.my_vpc"]},{"address":"aws_route_table.private_route","mode":"managed","type":"aws_route_table","name":"private_route","provider_name":"registry.terraform.io/hashicorp/aws","schema_version":0,"values":{"arn":"arn:aws:ec2:us-west-2:907139822121:route-table/rtb-0f4b4e55a074c6eb1","id":"rtb-0f4b4e55a074c6eb1","owner_id":"907139822121","propagating_vgws":[],"route":[],"tags":{"Name":"private-route"},"tags_all":{"Name":"private-route"},"timeouts":null,"vpc_id":"vpc-06d00bad17a5c9702"},"sensitive_values":{"propagating_vgws":[],"route":[],"tags":{},"tags_all":{}},"depends_on":["aws_internet_gateway.my_gw","aws_vpc.my_vpc"],"tainted":true},{"address":"aws_route_table.public_route","mode":"managed","type":"aws_route_table","name":"public_route","provider_name":"registry.terraform.io/hashicorp/aws","schema_version":0,"values":{"arn":"arn:aws:ec2:us-west-2:907139822121:route-table/rtb-0d23c717de00492c3","id":"rtb-0d23c717de00492c3","owner_id":"907139822121","propagating_vgws":[],"route":[],"tags":{"Name":"public-route"},"tags_all":{"Name":"public-route"},"timeouts":null,"vpc_id":"vpc-06d00bad17a5c9702"},"sensitive_values":{"propagating_vgws":[],"route":[],"tags":{},"tags_all":{}},"depends_on":["aws_internet_gateway.my_gw","aws_vpc.my_vpc"],"tainted":true},{"address":"aws_security_group.allow_ssh_http","mode":"managed","type":"aws_security_group","name":"allow_ssh_http","provider_name":"registry.terraform.io/hashicorp/aws","schema_version":1,"values":{"arn":"arn:aws:ec2:us-west-2:907139822121:security-group/sg-0ee8c8cd0015f56e1","description":"Allow SSH and http inbound traffic","egress":[{"cidr_blocks":["0.0.0.0/0"],"description":"","from_port":0,"ipv6_cidr_blocks":[],"prefix_list_ids":[],"protocol":"-1","security_groups":[],"self":false,"to_port":0}],"id":"sg-0ee8c8cd0015f56e1","ingress":[{"cidr_blocks":["10.0.0.0/16"],"description":"HTTP from VPC","from_port":80,"ipv6_cidr_blocks":[],"prefix_list_ids":[],"protocol":"tcp","security_groups":[],"self":false,"to_port":80},{"cidr_blocks":["10.0.0.0/16"],"description":"SSH from VPC","from_port":22,"ipv6_cidr_blocks":[],"prefix_list_ids":[],"protocol":"tcp","security_groups":[],"self":false,"to_port":22}],"name":"allow_ssh_http","name_prefix":"","owner_id":"907139822121","revoke_rules_on_delete":false,"tags":{"Name":"allow_tcp"},"tags_all":{"Name":"allow_tcp"},"timeouts":null,"vpc_id":"vpc-06d00bad17a5c9702"},"sensitive_values":{"egress":[{"cidr_blocks":[false],"ipv6_cidr_blocks":[],"prefix_list_ids":[],"security_groups":[]}],"ingress":[{"cidr_blocks":[false],"ipv6_cidr_blocks":[],"prefix_list_ids":[],"security_groups":[]},{"cidr_blocks":[false],"ipv6_cidr_blocks":[],"prefix_list_ids":[],"security_groups":[]}],"tags":{},"tags_all":{}},"depends_on":["aws_vpc.my_vpc"]},{"address":"aws_subnet.private_subnet","mode":"managed","type":"aws_subnet","name":"private_subnet","provider_name":"registry.terraform.io/hashicorp/aws","schema_version":1,"values":{"arn":"arn:aws:ec2:us-west-2:907139822121:subnet/subnet-07c0db4be2e8a072a","assign_ipv6_address_on_creation":false,"availability_zone":"us-west-2b","availability_zone_id":"usw2-az2","cidr_block":"10.0.2.0/24","customer_owned_ipv4_pool":"","enable_dns64":false,"enable_resource_name_dns_a_record_on_launch":false,"enable_resource_name_dns_aaaa_record_on_launch":false,"id":"subnet-07c0db4be2e8a072a","ipv6_cidr_block":"","ipv6_cidr_block_association_id":"","ipv6_native":false,"map_customer_owned_ip_on_launch":false,"map_public_ip_on_launch":false,"outpost_arn":"","owner_id":"907139822121","private_dns_hostname_type_on_launch":"ip-name","tags":{"Name":"private_subnet"},"tags_all":{"Name":"private_subnet"},"timeouts":null,"vpc_id":"vpc-06d00bad17a5c9702"},"sensitive_values":{"tags":{},"tags_all":{}},"depends_on":["aws_vpc.my_vpc"]},{"address":"aws_subnet.public_subnet","mode":"managed","type":"aws_subnet","name":"public_subnet","provider_name":"registry.terraform.io/hashicorp/aws","schema_version":1,"values":{"arn":"arn:aws:ec2:us-west-2:907139822121:subnet/subnet-0efa4b4c640834a41","assign_ipv6_address_on_creation":false,"availability_zone":"us-west-2a","availability_zone_id":"usw2-az1","cidr_block":"10.0.1.0/24","customer_owned_ipv4_pool":"","enable_dns64":false,"enable_resource_name_dns_a_record_on_launch":false,"enable_resource_name_dns_aaaa_record_on_launch":false,"id":"subnet-0efa4b4c640834a41","ipv6_cidr_block":"","ipv6_cidr_block_association_id":"","ipv6_native":false,"map_customer_owned_ip_on_launch":false,"map_public_ip_on_launch":true,"outpost_arn":"","owner_id":"907139822121","private_dns_hostname_type_on_launch":"ip-name","tags":{"Name":"public_subnet"},"tags_all":{"Name":"public_subnet"},"timeouts":null,"vpc_id":"vpc-06d00bad17a5c9702"},"sensitive_values":{"tags":{},"tags_all":{}},"depends_on":["aws_vpc.my_vpc"]},{"address":"aws_vpc.my_vpc","mode":"managed","type":"aws_vpc","name":"my_vpc","provider_name":"registry.terraform.io/hashicorp/aws","schema_version":1,"values":{"arn":"arn:aws:ec2:us-west-2:907139822121:vpc/vpc-06d00bad17a5c9702","assign_generated_ipv6_cidr_block":false,"cidr_block":"10.0.0.0/16","default_network_acl_id":"acl-06c4752e84ad54ba5","default_route_table_id":"rtb-03ba1a49780a85492","default_security_group_id":"sg-0009c6133ee2806e7","dhcp_options_id":"dopt-06156d4fbab086bda","enable_classiclink":false,"enable_classiclink_dns_support":false,"enable_dns_hostnames":false,"enable_dns_support":true,"id":"vpc-06d00bad17a5c9702","instance_tenancy":"default","ipv4_ipam_pool_id":null,"ipv4_netmask_length":null,"ipv6_association_id":"","ipv6_cidr_block":"","ipv6_cidr_block_network_border_group":"","ipv6_ipam_pool_id":"","ipv6_netmask_length":0,"main_route_table_id":"rtb-03ba1a49780a85492","owner_id":"907139822121","tags":{"Name":"my-vpc"},"tags_all":{"Name":"my-vpc"}},"sensitive_values":{"tags":{},"tags_all":{}}},{"address":"aws_vpc.provisionerVPC","mode":"managed","type":"aws_vpc","name":"provisionerVPC","provider_name":"registry.terraform.io/hashicorp/aws","schema_version":1,"values":{"arn":"arn:aws:ec2:us-west-2:907139822121:vpc/vpc-0d2a4821a3ea9a867","assign_generated_ipv6_cidr_block":false,"cidr_block":"10.0.1.0/24","default_network_acl_id":"acl-0f456a58225e1e55d","default_route_table_id":"rtb-0326a5347d808a45f","default_security_group_id":"sg-0b724cd880388e501","dhcp_options_id":"dopt-06156d4fbab086bda","enable_classiclink":false,"enable_classiclink_dns_support":false,"enable_dns_hostnames":true,"enable_dns_support":true,"id":"vpc-0d2a4821a3ea9a867","instance_tenancy":"default","ipv4_ipam_pool_id":null,"ipv4_netmask_length":null,"ipv6_association_id":"","ipv6_cidr_block":"","ipv6_cidr_block_network_border_group":"","ipv6_ipam_pool_id":"","ipv6_netmask_length":0,"main_route_table_id":"rtb-0326a5347d808a45f","owner_id":"907139822121","tags":{"Name":"dev-terraform-vpc"},"tags_all":{"Name":"dev-terraform-vpc"}},"sensitive_values":{"tags":{},"tags_all":{}}}]}}},"configuration":{"provider_config":{"aws":{"name":"aws","full_name":"registry.terraform.io/hashicorp/aws","version_constraint":"~\u003e 3.27","expressions":{"profile":{"constant_value":"default"},"region":{"constant_value":"us-west-2"}}}},"root_module":{"resources":[{"address":"aws_instance.web_server","mode":"managed","type":"aws_instance","name":"web_server","provider_config_key":"aws","expressions":{"ami":{"constant_value":"ami-0e2e9c570f999a4c8"},"instance_type":{"constant_value":"t2.micro"},"key_name":{"constant_value":"web-key"},"tags":{"constant_value":{"Name":"my-web"}}},"schema_version":1},{"address":"aws_internet_gateway.my_gw","mode":"managed","type":"aws_internet_gateway","name":"my_gw","provider_config_key":"aws","expressions":{"tags":{"constant_value":{"Name":"my_gw"}},"vpc_id":{"references":["aws_vpc.my_vpc.id","aws_vpc.my_vpc"]}},"schema_version":0},{"address":"aws_network_acl.my_network_acl","mode":"managed","type":"aws_network_acl","name":"my_network_acl","provider_config_key":"aws","expressions":{"vpc_id":{"references":["aws_vpc.my_vpc.id","aws_vpc.my_vpc"]}},"schema_version":0},{"address":"aws_network_acl_rule.my_network_acl","mode":"managed","type":"aws_network_acl_rule","name":"my_network_acl","provider_config_key":"aws","expressions":{"cidr_block":{"references":["aws_vpc.my_vpc.cidr_block","aws_vpc.my_vpc"]},"egress":{"constant_value":false},"from_port":{"constant_value":22},"network_acl_id":{"references":["aws_network_acl.my_network_acl.id","aws_network_acl.my_network_acl"]},"protocol":{"constant_value":"tcp"},"rule_action":{"constant_value":"allow"},"rule_number":{"constant_value":200},"to_port":{"constant_value":22}},"schema_version":0},{"address":"aws_route_table.private_route","mode":"managed","type":"aws_route_table","name":"private_route","provider_config_key":"aws","expressions":{"route":{"references":["aws_internet_gateway.my_gw.id","aws_internet_gateway.my_gw"]},"tags":{"constant_value":{"Name":"private-route"}},"vpc_id":{"references":["aws_vpc.my_vpc.id","aws_vpc.my_vpc"]}},"schema_version":0},{"address":"aws_route_table.public_route","mode":"managed","type":"aws_route_table","name":"public_route","provider_config_key":"aws","expressions":{"route":{"references":["aws_internet_gateway.my_gw.id","aws_internet_gateway.my_gw"]},"tags":{"constant_value":{"Name":"public-route"}},"vpc_id":{"references":["aws_vpc.my_vpc.id","aws_vpc.my_vpc"]}},"schema_version":0},{"address":"aws_route_table_association.private_subnet_route","mode":"managed","type":"aws_route_table_association","name":"private_subnet_route","provider_config_key":"aws","expressions":{"route_table_id":{"references":["aws_route_table.private_route.id","aws_route_table.private_route"]},"subnet_id":{"references":["aws_subnet.private_subnet.id","aws_subnet.private_subnet"]}},"schema_version":0},{"address":"aws_route_table_association.public_subnet_route","mode":"managed","type":"aws_route_table_association","name":"public_subnet_route","provider_config_key":"aws","expressions":{"route_table_id":{"references":["aws_route_table.public_route.id","aws_route_table.public_route"]},"subnet_id":{"references":["aws_subnet.public_subnet.id","aws_subnet.public_subnet"]}},"schema_version":0},{"address":"aws_security_group.allow_ssh_http","mode":"managed","type":"aws_security_group","name":"allow_ssh_http","provider_config_key":"aws","expressions":{"description":{"constant_value":"Allow SSH and http inbound traffic"},"egress":{"constant_value":[{"cidr_blocks":["0.0.0.0/0"],"description":null,"from_port":0,"ipv6_cidr_blocks":null,"prefix_list_ids":null,"protocol":"-1","security_groups":null,"self":null,"to_port":0}]},"ingress":{"references":["aws_vpc.my_vpc.cidr_block","aws_vpc.my_vpc","aws_vpc.my_vpc.cidr_block","aws_vpc.my_vpc"]},"name":{"constant_value":"allow_ssh_http"},"tags":{"constant_value":{"Name":"allow_tcp"}},"vpc_id":{"references":["aws_vpc.my_vpc.id","aws_vpc.my_vpc"]}},"schema_version":1},{"address":"aws_subnet.my_subnet","mode":"managed","type":"aws_subnet","name":"my_subnet","provider_config_key":"aws","expressions":{"cidr_block":{"constant_value":"10.0.1.0/24"},"tags":{"constant_value":{"Name":"my-subnet"}},"vpc_id":{"references":["aws_vpc.my_vpc.id","aws_vpc.my_vpc"]}},"schema_version":1},{"address":"aws_subnet.private_subnet","mode":"managed","type":"aws_subnet","name":"private_subnet","provider_config_key":"aws","expressions":{"availability_zone":{"constant_value":"us-west-2b"},"cidr_block":{"constant_value":"10.0.2.0/24"},"map_public_ip_on_launch":{"constant_value":false},"tags":{"constant_value":{"Name":"private_subnet"}},"vpc_id":{"references":["aws_vpc.my_vpc.id","aws_vpc.my_vpc"]}},"schema_version":1},{"address":"aws_subnet.public_subnet","mode":"managed","type":"aws_subnet","name":"public_subnet","provider_config_key":"aws","expressions":{"availability_zone":{"constant_value":"us-west-2a"},"cidr_block":{"constant_value":"10.0.1.0/24"},"map_public_ip_on_launch":{"constant_value":true},"tags":{"constant_value":{"Name":"public_subnet"}},"vpc_id":{"references":["aws_vpc.my_vpc.id","aws_vpc.my_vpc"]}},"schema_version":1},{"address":"aws_vpc.my_vpc","mode":"managed","type":"aws_vpc","name":"my_vpc","provider_config_key":"aws","expressions":{"cidr_block":{"constant_value":"10.0.0.0/16"},"tags":{"constant_value":{"Name":"my-vpc"}}},"schema_version":1},{"address":"aws_vpc.provisionerVPC","mode":"managed","type":"aws_vpc","name":"provisionerVPC","provider_config_key":"aws","expressions":{"cidr_block":{"references":["var.vpc_cidr"]},"enable_dns_hostnames":{"constant_value":true},"enable_dns_support":{"constant_value":true},"tags":{"constant_value":{"Name":"dev-terraform-vpc"}}},"schema_version":1}],"variables":{"vpc_cidr":{"default":"10.0.1.0/24"}}}},"relevant_attributes":[{"resource":"aws_subnet.private_subnet","attribute":["id"]},{"resource":"aws_vpc.my_vpc","attribute":["id"]},{"resource":"aws_internet_gateway.my_gw","attribute":["id"]},{"resource":"aws_route_table.public_route","attribute":["id"]},{"resource":"aws_subnet.public_subnet","attribute":["id"]},{"resource":"aws_route_table.private_route","attribute":["id"]}],"timestamp":"2023-10-18T14:25:52Z","errored":false}
